
Microsoft Visual Studio Solution File, Format Version 12.00
# Visual Studio Version 17
VisualStudioVersion = 17.5.002.0
MinimumVisualStudioVersion = 10.0.40219.1
Project("{9A19103F-16F7-4668-BE54-9A1E7A4F7556}") = "MyFirstWebApiProject", "MyFirstWebApiProject.csproj", "{04849AF4-C3A1-414C-9A6B-00A07E970CCD}"
EndProject
Global
	GlobalSection(SolutionConfigurationPlatforms) = preSolution
		Debug|Any CPU = Debug|Any CPU
		Release|Any CPU = Release|Any CPU
	EndGlobalSection
	GlobalSection(ProjectConfigurationPlatforms) = postSolution
		{04849AF4-C3A1-414C-9A6B-00A07E970CCD}.Debug|Any CPU.ActiveCfg = Debug|Any CPU
		{04849AF4-C3A1-414C-9A6B-00A07E970CCD}.Debug|Any CPU.Build.0 = Debug|Any CPU
		{04849AF4-C3A1-414C-9A6B-00A07E970CCD}.Release|Any CPU.ActiveCfg = Release|Any CPU
		{04849AF4-C3A1-414C-9A6B-00A07E970CCD}.Release|Any CPU.Build.0 = Release|Any CPU
	EndGlobalSection
	GlobalSection(SolutionProperties) = preSolution
		HideSolutionNode = FALSE
	EndGlobalSection
	GlobalSection(ExtensibilityGlobals) = postSolution
		SolutionGuid = {5244E132-9E49-4B6E-8618-E234F625D4F9}
	EndGlobalSection
EndGlobal
